
Microsoft Visual Studio Solution File, Format Version 12.00
# Visual Studio Version 16
VisualStudioVersion = 16.0.33529.622
MinimumVisualStudioVersion = 10.0.40219.1
Project("{FAE04EC0-301F-11D3-BF4B-00C04F79EFBC}") = "Flipbook generator", "Flipbook generator.csproj", "{0D4B2B38-02A8-4C71-ACA5-250EE4F1D0BB}"
EndProject
Global
	GlobalSection(SolutionConfigurationPlatforms) = preSolution
		Debug|Any CPU = Debug|Any CPU
		Release|Any CPU = Release|Any CPU
	EndGlobalSection
	GlobalSection(ProjectConfigurationPlatforms) = postSolution
		{0D4B2B38-02A8-4C71-ACA5-250EE4F1D0BB}.Debug|Any CPU.ActiveCfg = Debug|Any CPU
		{0D4B2B38-02A8-4C71-ACA5-250EE4F1D0BB}.Debug|Any CPU.Build.0 = Debug|Any CPU
		{0D4B2B38-02A8-4C71-ACA5-250EE4F1D0BB}.Release|Any CPU.ActiveCfg = Release|Any CPU
		{0D4B2B38-02A8-4C71-ACA5-250EE4F1D0BB}.Release|Any CPU.Build.0 = Release|Any CPU
	EndGlobalSection
	GlobalSection(SolutionProperties) = preSolution
		HideSolutionNode = FALSE
	EndGlobalSection
	GlobalSection(ExtensibilityGlobals) = postSolution
		SolutionGuid = {5340458E-356E-4D5D-ADFD-EB177C15BE9E}
	EndGlobalSection
EndGlobal
